
Microsoft Visual Studio Solution File, Format Version 12.00
# Visual Studio Version 17
VisualStudioVersion = 17.14.37502.11
MinimumVisualStudioVersion = 10.0.40219.1
Project("{FAE04EC0-301F-11D3-BF4B-00C04F79EFBC}") = "HelpDeskAPI", "HelpDeskAPI\HelpDeskAPI.csproj", "{C52DBD79-C30A-48B9-B3F6-FF4B455B700C}"
EndProject
Project("{FAE04EC0-301F-11D3-BF4B-00C04F79EFBC}") = "HelpDeskBlazor", "HelpDeskBlazor\HelpDeskBlazor.csproj", "{3BB2B551-877B-4F2F-AB04-D250208B6314}"
EndProject
Global
	GlobalSection(SolutionConfigurationPlatforms) = preSolution
		Debug|Any CPU = Debug|Any CPU
		Release|Any CPU = Release|Any CPU
	EndGlobalSection
	GlobalSection(ProjectConfigurationPlatforms) = postSolution
		{C52DBD79-C30A-48B9-B3F6-FF4B455B700C}.Debug|Any CPU.ActiveCfg = Debug|Any CPU
		{C52DBD79-C30A-48B9-B3F6-FF4B455B700C}.Debug|Any CPU.Build.0 = Debug|Any CPU
		{C52DBD79-C30A-48B9-B3F6-FF4B455B700C}.Release|Any CPU.ActiveCfg = Release|Any CPU
		{C52DBD79-C30A-48B9-B3F6-FF4B455B700C}.Release|Any CPU.Build.0 = Release|Any CPU
		{3BB2B551-877B-4F2F-AB04-D250208B6314}.Debug|Any CPU.ActiveCfg = Debug|Any CPU
		{3BB2B551-877B-4F2F-AB04-D250208B6314}.Debug|Any CPU.Build.0 = Debug|Any CPU
		{3BB2B551-877B-4F2F-AB04-D250208B6314}.Release|Any CPU.ActiveCfg = Release|Any CPU
		{3BB2B551-877B-4F2F-AB04-D250208B6314}.Release|Any CPU.Build.0 = Release|Any CPU
	EndGlobalSection
	GlobalSection(SolutionProperties) = preSolution
		HideSolutionNode = FALSE
	EndGlobalSection
	GlobalSection(ExtensibilityGlobals) = postSolution
		SolutionGuid = {2698BE12-D813-499B-A2E6-87D9FED759ED}
	EndGlobalSection
EndGlobal
